{
  "name": "advent-of-code-2021",
  "version": "1.0.0",
  "lockfileVersion": 2,
  "requires": true,
  "packages": {
    "": {
      "name": "advent-of-code-2021",
      "version": "1.0.0",
      "license": "ISC",
      "dependencies": {
        "coffeescript": "^2.6.1",
        "underscore": "^1.13.1"
      }
    },
    "node_modules/coffeescript": {
      "version": "2.6.1",
      "resolved": "https://registry.npmjs.org/coffeescript/-/coffeescript-2.6.1.tgz",
      "integrity": "sha512-GG5nkF93qII8HmHqnnibkgpp/SV7PSnSPiWsbinwya7nNOe95aE/x2xrKZJFks8Qpko3TNrC+/LahaKgrz5YCg==",
      "bin": {
        "cake": "bin/cake",
        "coffee": "bin/coffee"
      },
      "engines": {
        "node": ">=6"
      }
    },
    "node_modules/underscore": {
      "version": "1.13.1",
      "resolved": "https://registry.npmjs.org/underscore/-/underscore-1.13.1.tgz",
      "integrity": "sha512-hzSoAVtJF+3ZtiFX0VgfFPHEDRm7Y/QPjGyNo4TVdnDTdft3tr8hEkD25a1jC+TjTuE7tkHGKkhwCgs9dgBB2g=="
    }
  },
  "dependencies": {
    "coffeescript": {
      "version": "2.6.1",
      "resolved": "https://registry.npmjs.org/coffeescript/-/coffeescript-2.6.1.tgz",
      "integrity": "sha512-GG5nkF93qII8HmHqnnibkgpp/SV7PSnSPiWsbinwya7nNOe95aE/x2xrKZJFks8Qpko3TNrC+/LahaKgrz5YCg=="
    },
    "underscore": {
      "version": "1.13.1",
      "resolved": "https://registry.npmjs.org/underscore/-/underscore-1.13.1.tgz",
      "integrity": "sha512-hzSoAVtJF+3ZtiFX0VgfFPHEDRm7Y/QPjGyNo4TVdnDTdft3tr8hEkD25a1jC+TjTuE7tkHGKkhwCgs9dgBB2g=="
    }
  }
}
